
Microsoft Visual Studio Solution File, Format Version 12.00
# Visual Studio Version 17
VisualStudioVersion = 17.5.33530.505
MinimumVisualStudioVersion = 10.0.40219.1
Project("{FAE04EC0-301F-11D3-BF4B-00C04F79EFBC}") = "TesteVetor", "TesteVetor.csproj", "{73AB2B8B-E86A-477D-847A-40CA2166A3D4}"
EndProject
Global
	GlobalSection(SolutionConfigurationPlatforms) = preSolution
		Debug|Any CPU = Debug|Any CPU
		Release|Any CPU = Release|Any CPU
	EndGlobalSection
	GlobalSection(ProjectConfigurationPlatforms) = postSolution
		{73AB2B8B-E86A-477D-847A-40CA2166A3D4}.Debug|Any CPU.ActiveCfg = Debug|Any CPU
		{73AB2B8B-E86A-477D-847A-40CA2166A3D4}.Debug|Any CPU.Build.0 = Debug|Any CPU
		{73AB2B8B-E86A-477D-847A-40CA2166A3D4}.Release|Any CPU.ActiveCfg = Release|Any CPU
		{73AB2B8B-E86A-477D-847A-40CA2166A3D4}.Release|Any CPU.Build.0 = Release|Any CPU
	EndGlobalSection
	GlobalSection(SolutionProperties) = preSolution
		HideSolutionNode = FALSE
	EndGlobalSection
	GlobalSection(ExtensibilityGlobals) = postSolution
		SolutionGuid = {9DB1ADCD-9545-4539-93F8-3B845F2B8FD4}
	EndGlobalSection
EndGlobal
