
Microsoft Visual Studio Solution File, Format Version 12.00
# Visual Studio Version 17
VisualStudioVersion = 17.5.33530.505
MinimumVisualStudioVersion = 10.0.40219.1
Project("{FAE04EC0-301F-11D3-BF4B-00C04F79EFBC}") = "MediaTemperatura", "MediaTemperatura.csproj", "{1C9E0F74-0A15-49EE-9859-28859A21516A}"
EndProject
Global
	GlobalSection(SolutionConfigurationPlatforms) = preSolution
		Debug|Any CPU = Debug|Any CPU
		Release|Any CPU = Release|Any CPU
	EndGlobalSection
	GlobalSection(ProjectConfigurationPlatforms) = postSolution
		{1C9E0F74-0A15-49EE-9859-28859A21516A}.Debug|Any CPU.ActiveCfg = Debug|Any CPU
		{1C9E0F74-0A15-49EE-9859-28859A21516A}.Debug|Any CPU.Build.0 = Debug|Any CPU
		{1C9E0F74-0A15-49EE-9859-28859A21516A}.Release|Any CPU.ActiveCfg = Release|Any CPU
		{1C9E0F74-0A15-49EE-9859-28859A21516A}.Release|Any CPU.Build.0 = Release|Any CPU
	EndGlobalSection
	GlobalSection(SolutionProperties) = preSolution
		HideSolutionNode = FALSE
	EndGlobalSection
	GlobalSection(ExtensibilityGlobals) = postSolution
		SolutionGuid = {6EDCD35F-D15E-4B34-9722-6A9B18AE2AEA}
	EndGlobalSection
EndGlobal
