
Microsoft Visual Studio Solution File, Format Version 12.00
# Visual Studio Version 17
VisualStudioVersion = 17.5.33530.505
MinimumVisualStudioVersion = 10.0.40219.1
Project("{FAE04EC0-301F-11D3-BF4B-00C04F79EFBC}") = "Ex115052023", "Ex115052023.csproj", "{B0C7054B-9244-41A4-8C02-1CAB8FA4C726}"
EndProject
Global
	GlobalSection(SolutionConfigurationPlatforms) = preSolution
		Debug|Any CPU = Debug|Any CPU
		Release|Any CPU = Release|Any CPU
	EndGlobalSection
	GlobalSection(ProjectConfigurationPlatforms) = postSolution
		{B0C7054B-9244-41A4-8C02-1CAB8FA4C726}.Debug|Any CPU.ActiveCfg = Debug|Any CPU
		{B0C7054B-9244-41A4-8C02-1CAB8FA4C726}.Debug|Any CPU.Build.0 = Debug|Any CPU
		{B0C7054B-9244-41A4-8C02-1CAB8FA4C726}.Release|Any CPU.ActiveCfg = Release|Any CPU
		{B0C7054B-9244-41A4-8C02-1CAB8FA4C726}.Release|Any CPU.Build.0 = Release|Any CPU
	EndGlobalSection
	GlobalSection(SolutionProperties) = preSolution
		HideSolutionNode = FALSE
	EndGlobalSection
	GlobalSection(ExtensibilityGlobals) = postSolution
		SolutionGuid = {6EB20A82-6332-4E94-8303-B59CE2753615}
	EndGlobalSection
EndGlobal
